// !$*UTF8*$!
{
	archiveVersion = 1;
	classes = {
	};
	objectVersion = 46;
	objects = {

/* Begin PBXBuildFile section */
		2AF6A2271BAFF20300BF7BF4 /* AppDelegate.swift in Sources */ = {isa = PBXBuildFile; fileRef = 2AF6A2261BAFF20300BF7BF4 /* AppDelegate.swift */; };
		2AF6A2291BAFF20300BF7BF4 /* ViewController.swift in Sources */ = {isa = PBXBuildFile; fileRef = 2AF6A2281BAFF20300BF7BF4 /* ViewController.swift */; };
		2AF6A22C1BAFF20300BF7BF4 /* Main.storyboard in Resources */ = {isa = PBXBuildFile; fileRef = 2AF6A22A1BAFF20300BF7BF4 /* Main.storyboard */; };
		2AF6A22E1BAFF20300BF7BF4 /* Images.xcassets in Resources */ = {isa = PBXBuildFile; fileRef = 2AF6A22D1BAFF20300BF7BF4 /* Images.xcassets */; };
		2AF6A2311BAFF20300BF7BF4 /* LaunchScreen.xib in Resources */ = {isa = PBXBuildFile; fileRef = 2AF6A22F1BAFF20300BF7BF4 /* LaunchScreen.xib */; };
		2AF6A23D1BAFF20300BF7BF4 /* testApp1Tests.swift in Sources */ = {isa = PBXBuildFile; fileRef = 2AF6A23C1BAFF20300BF7BF4 /* testApp1Tests.swift */; };
/* End PBXBuildFile section */

/* Begin PBXContainerItemProxy section */
		2AF6A2371BAFF20300BF7BF4 /* PBXContainerItemProxy */ = {
			isa = PBXContainerItemProxy;
			containerPortal = 2AF6A2191BAFF20300BF7BF4 /* Project object */;
			proxyType = 1;
			remoteGlobalIDString = 2AF6A2201BAFF20300BF7BF4;
			remoteInfo = testApp1;
		};
/* End PBXContainerItemProxy section */

/* Begin PBXFileReference section */
		2AF6A2211BAFF20300BF7BF4 /* testApp1.app */ = {isa = PBXFileReference; explicitFileType = wrapper.application; includeInIndex = 0; path = testApp1.app; sourceTree = BUILT_PRODUCTS_DIR; };
		2AF6A2251BAFF20300BF7BF4 /* Info.plist */ = {isa = PBXFileReference; lastKnownFileType = text.plist.xml; path = Info.plist; sourceTree = "<group>"; };
		2AF6A2261BAFF20300BF7BF4 /* AppDelegate.swift */ = {isa = PBXFileReference; lastKnownFileType = sourcecode.swift; path = AppDelegate.swift; sourceTree = "<group>"; };
		2AF6A2281BAFF20300BF7BF4 /* ViewController.swift */ = {isa = PBXFileReference; lastKnownFileType = sourcecode.swift; path = ViewController.swift; sourceTree = "<group>"; };
		2AF6A22B1BAFF20300BF7BF4 /* Base */ = {isa = PBXFileReference; lastKnownFileType = file.storyboard; name = Base; path = Base.lproj/Main.storyboard; sourceTree = "<group>"; };
		2AF6A22D1BAFF20300BF7BF4 /* Images.xcassets */ = {isa = PBXFileReference; lastKnownFileType = folder.assetcatalog; path = Images.xcassets; sourceTree = "<group>"; };
		2AF6A2301BAFF20300BF7BF4 /* Base */ = {isa = PBXFileReference; lastKnownFileType = file.xib; name = Base; path = Base.lproj/LaunchScreen.xib; sourceTree = "<group>"; };
		2AF6A2361BAFF20300BF7BF4 /* testApp1Tests.xctest */ = {isa = PBXFileReference; explicitFileType = wrapper.cfbundle; includeInIndex = 0; path = testApp1Tests.xctest; sourceTree = BUILT_PRODUCTS_DIR; };
		2AF6A23B1BAFF20300BF7BF4 /* Info.plist */ = {isa = PBXFileReference; lastKnownFileType = text.plist.xml; path = Info.plist; sourceTree = "<group>"; };
		2AF6A23C1BAFF20300BF7BF4 /* testApp1Tests.swift */ = {isa = PBXFileReference; lastKnownFileType = sourcecode.swift; path = testApp1Tests.swift; sourceTree = "<group>"; };
/* End PBXFileReference section */

/* Begin PBXFrameworksBuildPhase section */
		2AF6A21E1BAFF20300BF7BF4 /* Frameworks */ = {
			isa = PBXFrameworksBuildPhase;
			buildActionMask = 2147483647;
			files = (
			);
			runOnlyForDeploymentPostprocessing = 0;
		};
		2AF6A2331BAFF20300BF7BF4 /* Frameworks */ = {
			isa = PBXFrameworksBuildPhase;
			buildActionMask = 2147483647;
			files = (
			);
			runOnlyForDeploymentPostprocessing = 0;
		};
/* End PBXFrameworksBuildPhase section */

/* Begin PBXGroup section */
		2AF6A2181BAFF20300BF7BF4 = {
			isa = PBXGroup;
			children = (
				2AF6A2231BAFF20300BF7BF4 /* testApp1 */,
				2AF6A2391BAFF20300BF7BF4 /* testApp1Tests */,
				2AF6A2221BAFF20300BF7BF4 /* Products */,
			);
			sourceTree = "<group>";
		};
		2AF6A2221BAFF20300BF7BF4 /* Products */ = {
			isa = PBXGroup;
			children = (
				2AF6A2211BAFF20300BF7BF4 /* testApp1.app */,
				2AF6A2361BAFF20300BF7BF4 /* testApp1Tests.xctest */,
			);
			name = Products;
			sourceTree = "<group>";
		};
		2AF6A2231BAFF20300BF7BF4 /* testApp1 */ = {
			isa = PBXGroup;
			children = (
				2AF6A2261BAFF20300BF7BF4 /* AppDelegate.swift */,
				2AF6A2281BAFF20300BF7BF4 /* ViewController.swift */,
				2AF6A22A1BAFF20300BF7BF4 /* Main.storyboard */,
				2AF6A22D1BAFF20300BF7BF4 /* Images.xcassets */,
				2AF6A22F1BAFF20300BF7BF4 /* LaunchScreen.xib */,
				2AF6A2241BAFF20300BF7BF4 /* Supporting Files */,
			);
			path = testApp1;
			sourceTree = "<group>";
		};
		2AF6A2241BAFF20300BF7BF4 /* Supporting Files */ = {
			isa = PBXGroup;
			children = (
				2AF6A2251BAFF20300BF7BF4 /* Info.plist */,
			);
			name = "Supporting Files";
			sourceTree = "<group>";
		};
		2AF6A2391BAFF20300BF7BF4 /* testApp1Tests */ = {
			isa = PBXGroup;
			children = (
				2AF6A23C1BAFF20300BF7BF4 /* testApp1Tests.swift */,
				2AF6A23A1BAFF20300BF7BF4 /* Supporting Files */,
			);
			path = testApp1Tests;
			sourceTree = "<group>";
		};
		2AF6A23A1BAFF20300BF7BF4 /* Supporting Files */ = {
			isa = PBXGroup;
			children = (
				2AF6A23B1BAFF20300BF7BF4 /* Info.plist */,
			);
			name = "Supporting Files";
			sourceTree = "<group>";
		};
/* End PBXGroup section */

/* Begin PBXNativeTarget section */
		2AF6A2201BAFF20300BF7BF4 /* testApp1 */ = {
			isa = PBXNativeTarget;
			buildConfigurationList = 2AF6A2401BAFF20300BF7BF4 /* Build configuration list for PBXNativeTarget "testApp1" */;
			buildPhases = (
				2AF6A21D1BAFF20300BF7BF4 /* Sources */,
				2AF6A21E1BAFF20300BF7BF4 /* Frameworks */,
				2AF6A21F1BAFF20300BF7BF4 /* Resources */,
			);
			buildRules = (
			);
			dependencies = (
			);
			name = testApp1;
			productName = testApp1;
			productReference = 2AF6A2211BAFF20300BF7BF4 /* testApp1.app */;
			productType = "com.apple.product-type.application";
		};
		2AF6A2351BAFF20300BF7BF4 /* testApp1Tests */ = {
			isa = PBXNativeTarget;
			buildConfigurationList = 2AF6A2431BAFF20300BF7BF4 /* Build configuration list for PBXNativeTarget "testApp1Tests" */;
			buildPhases = (
				2AF6A2321BAFF20300BF7BF4 /* Sources */,
				2AF6A2331BAFF20300BF7BF4 /* Frameworks */,
				2AF6A2341BAFF20300BF7BF4 /* Resources */,
			);
			buildRules = (
			);
			dependencies = (
				2AF6A2381BAFF20300BF7BF4 /* PBXTargetDependency */,
			);
			name = testApp1Tests;
			productName = testApp1Tests;
			productReference = 2AF6A2361BAFF20300BF7BF4 /* testApp1Tests.xctest */;
			productType = "com.apple.product-type.bundle.unit-test";
		};
/* End PBXNativeTarget section */

/* Begin PBXProject section */
		2AF6A2191BAFF20300BF7BF4 /* Project object */ = {
			isa = PBXProject;
			attributes = {
				LastUpgradeCheck = 0640;
				ORGANIZATIONNAME = "Quan Quach";
				TargetAttributes = {
					2AF6A2201BAFF20300BF7BF4 = {
						CreatedOnToolsVersion = 6.4;
					};
					2AF6A2351BAFF20300BF7BF4 = {
						CreatedOnToolsVersion = 6.4;
						TestTargetID = 2AF6A2201BAFF20300BF7BF4;
					};
				};
			};
			buildConfigurationList = 2AF6A21C1BAFF20300BF7BF4 /* Build configuration list for PBXProject "testApp1" */;
			compatibilityVersion = "Xcode 3.2";
			developmentRegion = English;
			hasScannedForEncodings = 0;
			knownRegions = (
				en,
				Base,
			);
			mainGroup = 2AF6A2181BAFF20300BF7BF4;
			productRefGroup = 2AF6A2221BAFF20300BF7BF4 /* Products */;
			projectDirPath = "";
			projectRoot = "";
			targets = (
				2AF6A2201BAFF20300BF7BF4 /* testApp1 */,
				2AF6A2351BAFF20300BF7BF4 /* testApp1Tests */,
			);
		};
/* End PBXProject section */

/* Begin PBXResourcesBuildPhase section */
		2AF6A21F1BAFF20300BF7BF4 /* Resources */ = {
			isa = PBXResourcesBuildPhase;
			buildActionMask = 2147483647;
			files = (
				2AF6A22C1BAFF20300BF7BF4 /* Main.storyboard in Resources */,
				2AF6A2311BAFF20300BF7BF4 /* LaunchScreen.xib in Resources */,
				2AF6A22E1BAFF20300BF7BF4 /* Images.xcassets in Resources */,
			);
			runOnlyForDeploymentPostprocessing = 0;
		};
		2AF6A2341BAFF20300BF7BF4 /* Resources */ = {
			isa = PBXResourcesBuildPhase;
			buildActionMask = 2147483647;
			files = (
			);
			runOnlyForDeploymentPostprocessing = 0;
		};
/* End PBXResourcesBuildPhase section */

/* Begin PBXSourcesBuildPhase section */
		2AF6A21D1BAFF20300BF7BF4 /* Sources */ = {
			isa = PBXSourcesBuildPhase;
			buildActionMask = 2147483647;
			files = (
				2AF6A2291BAFF20300BF7BF4 /* ViewController.swift in Sources */,
				2AF6A2271BAFF20300BF7BF4 /* AppDelegate.swift in Sources */,
			);
			runOnlyForDeploymentPostprocessing = 0;
		};
		2AF6A2321BAFF20300BF7BF4 /* Sources */ = {
			isa = PBXSourcesBuildPhase;
			buildActionMask = 2147483647;
			files = (
				2AF6A23D1BAFF20300BF7BF4 /* testApp1Tests.swift in Sources */,
			);
			runOnlyForDeploymentPostprocessing = 0;
		};
/* End PBXSourcesBuildPhase section */

/* Begin PBXTargetDependency section */
		2AF6A2381BAFF20300BF7BF4 /* PBXTargetDependency */ = {
			isa = PBXTargetDependency;
			target = 2AF6A2201BAFF20300BF7BF4 /* testApp1 */;
			targetProxy = 2AF6A2371BAFF20300BF7BF4 /* PBXContainerItemProxy */;
		};
/* End PBXTargetDependency section */

/* Begin PBXVariantGroup section */
		2AF6A22A1BAFF20300BF7BF4 /* Main.storyboard */ = {
			isa = PBXVariantGroup;
			children = (
				2AF6A22B1BAFF20300BF7BF4 /* Base */,
			);
			name = Main.storyboard;
			sourceTree = "<group>";
		};
		2AF6A22F1BAFF20300BF7BF4 /* LaunchScreen.xib */ = {
			isa = PBXVariantGroup;
			children = (
				2AF6A2301BAFF20300BF7BF4 /* Base */,
			);
			name = LaunchScreen.xib;
			sourceTree = "<group>";
		};
/* End PBXVariantGroup section */

/* Begin XCBuildConfiguration section */
		2AF6A23E1BAFF20300BF7BF4 /* Debug */ = {
			isa = XCBuildConfiguration;
			buildSettings = {
				ALWAYS_SEARCH_USER_PATHS = NO;
				CLANG_CXX_LANGUAGE_STANDARD = "gnu++0x";
				CLANG_CXX_LIBRARY = "libc++";
				CLANG_ENABLE_MODULES = YES;
				CLANG_ENABLE_OBJC_ARC = YES;
				CLANG_WARN_BOOL_CONVERSION = YES;
				CLANG_WARN_CONSTANT_CONVERSION = YES;
				CLANG_WARN_DIRECT_OBJC_ISA_USAGE = YES_ERROR;
				CLANG_WARN_EMPTY_BODY = YES;
				CLANG_WARN_ENUM_CONVERSION = YES;
				CLANG_WARN_INT_CONVERSION = YES;
				CLANG_WARN_OBJC_ROOT_CLASS = YES_ERROR;
				CLANG_WARN_UNREACHABLE_CODE = YES;
				CLANG_WARN__DUPLICATE_METHOD_MATCH = YES;
				"CODE_SIGN_IDENTITY[sdk=iphoneos*]" = "iPhone Developer";
				COPY_PHASE_STRIP = NO;
				DEBUG_INFORMATION_FORMAT = "dwarf-with-dsym";
				ENABLE_STRICT_OBJC_MSGSEND = YES;
				GCC_C_LANGUAGE_STANDARD = gnu99;
				GCC_DYNAMIC_NO_PIC = NO;
				GCC_NO_COMMON_BLOCKS = YES;
				GCC_OPTIMIZATION_LEVEL = 0;
				GCC_PREPROCESSOR_DEFINITIONS = (
					"DEBUG=1",
					"$(inherited)",
				);
				GCC_SYMBOLS_PRIVATE_EXTERN = NO;
				GCC_WARN_64_TO_32_BIT_CONVERSION = YES;
				GCC_WARN_ABOUT_RETURN_TYPE = YES_ERROR;
				GCC_WARN_UNDECLARED_SELECTOR = YES;
				GCC_WARN_UNINITIALIZED_AUTOS = YES_AGGRESSIVE;
				GCC_WARN_UNUSED_FUNCTION = YES;
				GCC_WARN_UNUSED_VARIABLE = YES;
				IPHONEOS_DEPLOYMENT_TARGET = 8.4;
				MTL_ENABLE_DEBUG_INFO = YES;
				ONLY_ACTIVE_ARCH = YES;
				SDKROOT = iphoneos;
				SWIFT_OPTIMIZATION_LEVEL = "-Onone";
			};
			name = Debug;
		};
		2AF6A23F1BAFF20300BF7BF4 /* Release */ = {
			isa = XCBuildConfiguration;
			buildSettings = {
				ALWAYS_SEARCH_USER_PATHS = NO;
				CLANG_CXX_LANGUAGE_STANDARD = "gnu++0x";
				CLANG_CXX_LIBRARY = "libc++";
				CLANG_ENABLE_MODULES = YES;
				CLANG_ENABLE_OBJC_ARC = YES;
				CLANG_WARN_BOOL_CONVERSION = YES;
				CLANG_WARN_CONSTANT_CONVERSION = YES;
				CLANG_WARN_DIRECT_OBJC_ISA_USAGE = YES_ERROR;
				CLANG_WARN_EMPTY_BODY = YES;
				CLANG_WARN_ENUM_CONVERSION = YES;
				CLANG_WARN_INT_CONVERSION = YES;
				CLANG_WARN_OBJC_ROOT_CLASS = YES_ERROR;
				CLANG_WARN_UNREACHABLE_CODE = YES;
				CLANG_WARN__DUPLICATE_METHOD_MATCH = YES;
				"CODE_SIGN_IDENTITY[sdk=iphoneos*]" = "iPhone Developer";
				COPY_PHASE_STRIP = NO;
				DEBUG_INFORMATION_FORMAT = "dwarf-with-dsym";
				ENABLE_NS_ASSERTIONS = NO;
				ENABLE_STRICT_OBJC_MSGSEND = YES;
				GCC_C_LANGUAGE_STANDARD = gnu99;
				GCC_NO_COMMON_BLOCKS = YES;
				GCC_WARN_64_TO_32_BIT_CONVERSION = YES;
				GCC_WARN_ABOUT_RETURN_TYPE = YES_ERROR;
				GCC_WARN_UNDECLARED_SELECTOR = YES;
				GCC_WARN_UNINITIALIZED_AUTOS = YES_AGGRESSIVE;
				GCC_WARN_UNUSED_FUNCTION = YES;
				GCC_WARN_UNUSED_VARIABLE = YES;
				IPHONEOS_DEPLOYMENT_TARGET = 8.4;
				MTL_ENABLE_DEBUG_INFO = NO;
				SDKROOT = iphoneos;
				VALIDATE_PRODUCT = YES;
			};
			name = Release;
		};
		2AF6A2411BAFF20300BF7BF4 /* Debug */ = {
			isa = XCBuildConfiguration;
			buildSettings = {
				ASSETCATALOG_COMPILER_APPICON_NAME = AppIcon;
				INFOPLIST_FILE = testApp1/Info.plist;
				LD_RUNPATH_SEARCH_PATHS = "$(inherited) @executable_path/Frameworks";
				PRODUCT_NAME = "$(TARGET_NAME)";
			};
			name = Debug;
		};
		2AF6A2421BAFF20300BF7BF4 /* Release */ = {
			isa = XCBuildConfiguration;
			buildSettings = {
				ASSETCATALOG_COMPILER_APPICON_NAME = AppIcon;
				INFOPLIST_FILE = testApp1/Info.plist;
				LD_RUNPATH_SEARCH_PATHS = "$(inherited) @executable_path/Frameworks";
				PRODUCT_NAME = "$(TARGET_NAME)";
			};
			name = Release;
		};
		2AF6A2441BAFF20300BF7BF4 /* Debug */ = {
			isa = XCBuildConfiguration;
			buildSettings = {
				BUNDLE_LOADER = "$(TEST_HOST)";
				FRAMEWORK_SEARCH_PATHS = (
					"$(SDKROOT)/Developer/Library/Frameworks",
					"$(inherited)",
				);
				GCC_PREPROCESSOR_DEFINITIONS = (
					"DEBUG=1",
					"$(inherited)",
				);
				INFOPLIST_FILE = testApp1Tests/Info.plist;
				LD_RUNPATH_SEARCH_PATHS = "$(inherited) @executable_path/Frameworks @loader_path/Frameworks";
				PRODUCT_NAME = "$(TARGET_NAME)";
				TEST_HOST = "$(BUILT_PRODUCTS_DIR)/testApp1.app/testApp1";
			};
			name = Debug;
		};
		2AF6A2451BAFF20300BF7BF4 /* Release */ = {
			isa = XCBuildConfiguration;
			buildSettings = {
				BUNDLE_LOADER = "$(TEST_HOST)";
				FRAMEWORK_SEARCH_PATHS = (
					"$(SDKROOT)/Developer/Library/Frameworks",
					"$(inherited)",
				);
				INFOPLIST_FILE = testApp1Tests/Info.plist;
				LD_RUNPATH_SEARCH_PATHS = "$(inherited) @executable_path/Frameworks @loader_path/Frameworks";
				PRODUCT_NAME = "$(TARGET_NAME)";
				TEST_HOST = "$(BUILT_PRODUCTS_DIR)/testApp1.app/testApp1";
			};
			name = Release;
		};
/* End XCBuildConfiguration section */

/* Begin XCConfigurationList section */
		2AF6A21C1BAFF20300BF7BF4 /* Build configuration list for PBXProject "testApp1" */ = {
			isa = XCConfigurationList;
			buildConfigurations = (
				2AF6A23E1BAFF20300BF7BF4 /* Debug */,
				2AF6A23F1BAFF20300BF7BF4 /* Release */,
			);
			defaultConfigurationIsVisible = 0;
			defaultConfigurationName = Release;
		};
		2AF6A2401BAFF20300BF7BF4 /* Build configuration list for PBXNativeTarget "testApp1" */ = {
			isa = XCConfigurationList;
			buildConfigurations = (
				2AF6A2411BAFF20300BF7BF4 /* Debug */,
				2AF6A2421BAFF20300BF7BF4 /* Release */,
			);
			defaultConfigurationIsVisible = 0;
		};
		2AF6A2431BAFF20300BF7BF4 /* Build configuration list for PBXNativeTarget "testApp1Tests" */ = {
			isa = XCConfigurationList;
			buildConfigurations = (
				2AF6A2441BAFF20300BF7BF4 /* Debug */,
				2AF6A2451BAFF20300BF7BF4 /* Release */,
			);
			defaultConfigurationIsVisible = 0;
		};
/* End XCConfigurationList section */
	};
	rootObject = 2AF6A2191BAFF20300BF7BF4 /* Project object */;
}
