// !$*UTF8*$!
{
	archiveVersion = 1;
	classes = {
	};
	objectVersion = 46;
	objects = {

/* Begin PBXBuildFile section */
		2AF6A2551BAFF72C00BF7BF4 /* AppDelegate.swift in Sources */ = {isa = PBXBuildFile; fileRef = 2AF6A2541BAFF72C00BF7BF4 /* AppDelegate.swift */; };
		2AF6A2571BAFF72C00BF7BF4 /* ViewController.swift in Sources */ = {isa = PBXBuildFile; fileRef = 2AF6A2561BAFF72C00BF7BF4 /* ViewController.swift */; };
		2AF6A25A1BAFF72C00BF7BF4 /* Main.storyboard in Resources */ = {isa = PBXBuildFile; fileRef = 2AF6A2581BAFF72C00BF7BF4 /* Main.storyboard */; };
		2AF6A25C1BAFF72C00BF7BF4 /* Images.xcassets in Resources */ = {isa = PBXBuildFile; fileRef = 2AF6A25B1BAFF72C00BF7BF4 /* Images.xcassets */; };
		2AF6A25F1BAFF72C00BF7BF4 /* LaunchScreen.xib in Resources */ = {isa = PBXBuildFile; fileRef = 2AF6A25D1BAFF72C00BF7BF4 /* LaunchScreen.xib */; };
		2AF6A26B1BAFF72C00BF7BF4 /* testApp2Tests.swift in Sources */ = {isa = PBXBuildFile; fileRef = 2AF6A26A1BAFF72C00BF7BF4 /* testApp2Tests.swift */; };
/* End PBXBuildFile section */

/* Begin PBXContainerItemProxy section */
		2AF6A2651BAFF72C00BF7BF4 /* PBXContainerItemProxy */ = {
			isa = PBXContainerItemProxy;
			containerPortal = 2AF6A2471BAFF72C00BF7BF4 /* Project object */;
			proxyType = 1;
			remoteGlobalIDString = 2AF6A24E1BAFF72C00BF7BF4;
			remoteInfo = testApp2;
		};
/* End PBXContainerItemProxy section */

/* Begin PBXFileReference section */
		2AF6A24F1BAFF72C00BF7BF4 /* testApp2.app */ = {isa = PBXFileReference; explicitFileType = wrapper.application; includeInIndex = 0; path = testApp2.app; sourceTree = BUILT_PRODUCTS_DIR; };
		2AF6A2531BAFF72C00BF7BF4 /* Info.plist */ = {isa = PBXFileReference; lastKnownFileType = text.plist.xml; path = Info.plist; sourceTree = "<group>"; };
		2AF6A2541BAFF72C00BF7BF4 /* AppDelegate.swift */ = {isa = PBXFileReference; lastKnownFileType = sourcecode.swift; path = AppDelegate.swift; sourceTree = "<group>"; };
		2AF6A2561BAFF72C00BF7BF4 /* ViewController.swift */ = {isa = PBXFileReference; lastKnownFileType = sourcecode.swift; path = ViewController.swift; sourceTree = "<group>"; };
		2AF6A2591BAFF72C00BF7BF4 /* Base */ = {isa = PBXFileReference; lastKnownFileType = file.storyboard; name = Base; path = Base.lproj/Main.storyboard; sourceTree = "<group>"; };
		2AF6A25B1BAFF72C00BF7BF4 /* Images.xcassets */ = {isa = PBXFileReference; lastKnownFileType = folder.assetcatalog; path = Images.xcassets; sourceTree = "<group>"; };
		2AF6A25E1BAFF72C00BF7BF4 /* Base */ = {isa = PBXFileReference; lastKnownFileType = file.xib; name = Base; path = Base.lproj/LaunchScreen.xib; sourceTree = "<group>"; };
		2AF6A2641BAFF72C00BF7BF4 /* testApp2Tests.xctest */ = {isa = PBXFileReference; explicitFileType = wrapper.cfbundle; includeInIndex = 0; path = testApp2Tests.xctest; sourceTree = BUILT_PRODUCTS_DIR; };
		2AF6A2691BAFF72C00BF7BF4 /* Info.plist */ = {isa = PBXFileReference; lastKnownFileType = text.plist.xml; path = Info.plist; sourceTree = "<group>"; };
		2AF6A26A1BAFF72C00BF7BF4 /* testApp2Tests.swift */ = {isa = PBXFileReference; lastKnownFileType = sourcecode.swift; path = testApp2Tests.swift; sourceTree = "<group>"; };
/* End PBXFileReference section */

/* Begin PBXFrameworksBuildPhase section */
		2AF6A24C1BAFF72C00BF7BF4 /* Frameworks */ = {
			isa = PBXFrameworksBuildPhase;
			buildActionMask = 2147483647;
			files = (
			);
			runOnlyForDeploymentPostprocessing = 0;
		};
		2AF6A2611BAFF72C00BF7BF4 /* Frameworks */ = {
			isa = PBXFrameworksBuildPhase;
			buildActionMask = 2147483647;
			files = (
			);
			runOnlyForDeploymentPostprocessing = 0;
		};
/* End PBXFrameworksBuildPhase section */

/* Begin PBXGroup section */
		2AF6A2461BAFF72C00BF7BF4 = {
			isa = PBXGroup;
			children = (
				2AF6A2511BAFF72C00BF7BF4 /* testApp2 */,
				2AF6A2671BAFF72C00BF7BF4 /* testApp2Tests */,
				2AF6A2501BAFF72C00BF7BF4 /* Products */,
			);
			sourceTree = "<group>";
		};
		2AF6A2501BAFF72C00BF7BF4 /* Products */ = {
			isa = PBXGroup;
			children = (
				2AF6A24F1BAFF72C00BF7BF4 /* testApp2.app */,
				2AF6A2641BAFF72C00BF7BF4 /* testApp2Tests.xctest */,
			);
			name = Products;
			sourceTree = "<group>";
		};
		2AF6A2511BAFF72C00BF7BF4 /* testApp2 */ = {
			isa = PBXGroup;
			children = (
				2AF6A2541BAFF72C00BF7BF4 /* AppDelegate.swift */,
				2AF6A2561BAFF72C00BF7BF4 /* ViewController.swift */,
				2AF6A2581BAFF72C00BF7BF4 /* Main.storyboard */,
				2AF6A25B1BAFF72C00BF7BF4 /* Images.xcassets */,
				2AF6A25D1BAFF72C00BF7BF4 /* LaunchScreen.xib */,
				2AF6A2521BAFF72C00BF7BF4 /* Supporting Files */,
			);
			path = testApp2;
			sourceTree = "<group>";
		};
		2AF6A2521BAFF72C00BF7BF4 /* Supporting Files */ = {
			isa = PBXGroup;
			children = (
				2AF6A2531BAFF72C00BF7BF4 /* Info.plist */,
			);
			name = "Supporting Files";
			sourceTree = "<group>";
		};
		2AF6A2671BAFF72C00BF7BF4 /* testApp2Tests */ = {
			isa = PBXGroup;
			children = (
				2AF6A26A1BAFF72C00BF7BF4 /* testApp2Tests.swift */,
				2AF6A2681BAFF72C00BF7BF4 /* Supporting Files */,
			);
			path = testApp2Tests;
			sourceTree = "<group>";
		};
		2AF6A2681BAFF72C00BF7BF4 /* Supporting Files */ = {
			isa = PBXGroup;
			children = (
				2AF6A2691BAFF72C00BF7BF4 /* Info.plist */,
			);
			name = "Supporting Files";
			sourceTree = "<group>";
		};
/* End PBXGroup section */

/* Begin PBXNativeTarget section */
		2AF6A24E1BAFF72C00BF7BF4 /* testApp2 */ = {
			isa = PBXNativeTarget;
			buildConfigurationList = 2AF6A26E1BAFF72C00BF7BF4 /* Build configuration list for PBXNativeTarget "testApp2" */;
			buildPhases = (
				2AF6A24B1BAFF72C00BF7BF4 /* Sources */,
				2AF6A24C1BAFF72C00BF7BF4 /* Frameworks */,
				2AF6A24D1BAFF72C00BF7BF4 /* Resources */,
			);
			buildRules = (
			);
			dependencies = (
			);
			name = testApp2;
			productName = testApp2;
			productReference = 2AF6A24F1BAFF72C00BF7BF4 /* testApp2.app */;
			productType = "com.apple.product-type.application";
		};
		2AF6A2631BAFF72C00BF7BF4 /* testApp2Tests */ = {
			isa = PBXNativeTarget;
			buildConfigurationList = 2AF6A2711BAFF72C00BF7BF4 /* Build configuration list for PBXNativeTarget "testApp2Tests" */;
			buildPhases = (
				2AF6A2601BAFF72C00BF7BF4 /* Sources */,
				2AF6A2611BAFF72C00BF7BF4 /* Frameworks */,
				2AF6A2621BAFF72C00BF7BF4 /* Resources */,
			);
			buildRules = (
			);
			dependencies = (
				2AF6A2661BAFF72C00BF7BF4 /* PBXTargetDependency */,
			);
			name = testApp2Tests;
			productName = testApp2Tests;
			productReference = 2AF6A2641BAFF72C00BF7BF4 /* testApp2Tests.xctest */;
			productType = "com.apple.product-type.bundle.unit-test";
		};
/* End PBXNativeTarget section */

/* Begin PBXProject section */
		2AF6A2471BAFF72C00BF7BF4 /* Project object */ = {
			isa = PBXProject;
			attributes = {
				LastUpgradeCheck = 0640;
				ORGANIZATIONNAME = "Quan Quach";
				TargetAttributes = {
					2AF6A24E1BAFF72C00BF7BF4 = {
						CreatedOnToolsVersion = 6.4;
					};
					2AF6A2631BAFF72C00BF7BF4 = {
						CreatedOnToolsVersion = 6.4;
						TestTargetID = 2AF6A24E1BAFF72C00BF7BF4;
					};
				};
			};
			buildConfigurationList = 2AF6A24A1BAFF72C00BF7BF4 /* Build configuration list for PBXProject "testApp2" */;
			compatibilityVersion = "Xcode 3.2";
			developmentRegion = English;
			hasScannedForEncodings = 0;
			knownRegions = (
				en,
				Base,
			);
			mainGroup = 2AF6A2461BAFF72C00BF7BF4;
			productRefGroup = 2AF6A2501BAFF72C00BF7BF4 /* Products */;
			projectDirPath = "";
			projectRoot = "";
			targets = (
				2AF6A24E1BAFF72C00BF7BF4 /* testApp2 */,
				2AF6A2631BAFF72C00BF7BF4 /* testApp2Tests */,
			);
		};
/* End PBXProject section */

/* Begin PBXResourcesBuildPhase section */
		2AF6A24D1BAFF72C00BF7BF4 /* Resources */ = {
			isa = PBXResourcesBuildPhase;
			buildActionMask = 2147483647;
			files = (
				2AF6A25A1BAFF72C00BF7BF4 /* Main.storyboard in Resources */,
				2AF6A25F1BAFF72C00BF7BF4 /* LaunchScreen.xib in Resources */,
				2AF6A25C1BAFF72C00BF7BF4 /* Images.xcassets in Resources */,
			);
			runOnlyForDeploymentPostprocessing = 0;
		};
		2AF6A2621BAFF72C00BF7BF4 /* Resources */ = {
			isa = PBXResourcesBuildPhase;
			buildActionMask = 2147483647;
			files = (
			);
			runOnlyForDeploymentPostprocessing = 0;
		};
/* End PBXResourcesBuildPhase section */

/* Begin PBXSourcesBuildPhase section */
		2AF6A24B1BAFF72C00BF7BF4 /* Sources */ = {
			isa = PBXSourcesBuildPhase;
			buildActionMask = 2147483647;
			files = (
				2AF6A2571BAFF72C00BF7BF4 /* ViewController.swift in Sources */,
				2AF6A2551BAFF72C00BF7BF4 /* AppDelegate.swift in Sources */,
			);
			runOnlyForDeploymentPostprocessing = 0;
		};
		2AF6A2601BAFF72C00BF7BF4 /* Sources */ = {
			isa = PBXSourcesBuildPhase;
			buildActionMask = 2147483647;
			files = (
				2AF6A26B1BAFF72C00BF7BF4 /* testApp2Tests.swift in Sources */,
			);
			runOnlyForDeploymentPostprocessing = 0;
		};
/* End PBXSourcesBuildPhase section */

/* Begin PBXTargetDependency section */
		2AF6A2661BAFF72C00BF7BF4 /* PBXTargetDependency */ = {
			isa = PBXTargetDependency;
			target = 2AF6A24E1BAFF72C00BF7BF4 /* testApp2 */;
			targetProxy = 2AF6A2651BAFF72C00BF7BF4 /* PBXContainerItemProxy */;
		};
/* End PBXTargetDependency section */

/* Begin PBXVariantGroup section */
		2AF6A2581BAFF72C00BF7BF4 /* Main.storyboard */ = {
			isa = PBXVariantGroup;
			children = (
				2AF6A2591BAFF72C00BF7BF4 /* Base */,
			);
			name = Main.storyboard;
			sourceTree = "<group>";
		};
		2AF6A25D1BAFF72C00BF7BF4 /* LaunchScreen.xib */ = {
			isa = PBXVariantGroup;
			children = (
				2AF6A25E1BAFF72C00BF7BF4 /* Base */,
			);
			name = LaunchScreen.xib;
			sourceTree = "<group>";
		};
/* End PBXVariantGroup section */

/* Begin XCBuildConfiguration section */
		2AF6A26C1BAFF72C00BF7BF4 /* Debug */ = {
			isa = XCBuildConfiguration;
			buildSettings = {
				ALWAYS_SEARCH_USER_PATHS = NO;
				CLANG_CXX_LANGUAGE_STANDARD = "gnu++0x";
				CLANG_CXX_LIBRARY = "libc++";
				CLANG_ENABLE_MODULES = YES;
				CLANG_ENABLE_OBJC_ARC = YES;
				CLANG_WARN_BOOL_CONVERSION = YES;
				CLANG_WARN_CONSTANT_CONVERSION = YES;
				CLANG_WARN_DIRECT_OBJC_ISA_USAGE = YES_ERROR;
				CLANG_WARN_EMPTY_BODY = YES;
				CLANG_WARN_ENUM_CONVERSION = YES;
				CLANG_WARN_INT_CONVERSION = YES;
				CLANG_WARN_OBJC_ROOT_CLASS = YES_ERROR;
				CLANG_WARN_UNREACHABLE_CODE = YES;
				CLANG_WARN__DUPLICATE_METHOD_MATCH = YES;
				"CODE_SIGN_IDENTITY[sdk=iphoneos*]" = "iPhone Developer";
				COPY_PHASE_STRIP = NO;
				DEBUG_INFORMATION_FORMAT = "dwarf-with-dsym";
				ENABLE_STRICT_OBJC_MSGSEND = YES;
				GCC_C_LANGUAGE_STANDARD = gnu99;
				GCC_DYNAMIC_NO_PIC = NO;
				GCC_NO_COMMON_BLOCKS = YES;
				GCC_OPTIMIZATION_LEVEL = 0;
				GCC_PREPROCESSOR_DEFINITIONS = (
					"DEBUG=1",
					"$(inherited)",
				);
				GCC_SYMBOLS_PRIVATE_EXTERN = NO;
				GCC_WARN_64_TO_32_BIT_CONVERSION = YES;
				GCC_WARN_ABOUT_RETURN_TYPE = YES_ERROR;
				GCC_WARN_UNDECLARED_SELECTOR = YES;
				GCC_WARN_UNINITIALIZED_AUTOS = YES_AGGRESSIVE;
				GCC_WARN_UNUSED_FUNCTION = YES;
				GCC_WARN_UNUSED_VARIABLE = YES;
				IPHONEOS_DEPLOYMENT_TARGET = 8.4;
				MTL_ENABLE_DEBUG_INFO = YES;
				ONLY_ACTIVE_ARCH = YES;
				SDKROOT = iphoneos;
				SWIFT_OPTIMIZATION_LEVEL = "-Onone";
			};
			name = Debug;
		};
		2AF6A26D1BAFF72C00BF7BF4 /* Release */ = {
			isa = XCBuildConfiguration;
			buildSettings = {
				ALWAYS_SEARCH_USER_PATHS = NO;
				CLANG_CXX_LANGUAGE_STANDARD = "gnu++0x";
				CLANG_CXX_LIBRARY = "libc++";
				CLANG_ENABLE_MODULES = YES;
				CLANG_ENABLE_OBJC_ARC = YES;
				CLANG_WARN_BOOL_CONVERSION = YES;
				CLANG_WARN_CONSTANT_CONVERSION = YES;
				CLANG_WARN_DIRECT_OBJC_ISA_USAGE = YES_ERROR;
				CLANG_WARN_EMPTY_BODY = YES;
				CLANG_WARN_ENUM_CONVERSION = YES;
				CLANG_WARN_INT_CONVERSION = YES;
				CLANG_WARN_OBJC_ROOT_CLASS = YES_ERROR;
				CLANG_WARN_UNREACHABLE_CODE = YES;
				CLANG_WARN__DUPLICATE_METHOD_MATCH = YES;
				"CODE_SIGN_IDENTITY[sdk=iphoneos*]" = "iPhone Developer";
				COPY_PHASE_STRIP = NO;
				DEBUG_INFORMATION_FORMAT = "dwarf-with-dsym";
				ENABLE_NS_ASSERTIONS = NO;
				ENABLE_STRICT_OBJC_MSGSEND = YES;
				GCC_C_LANGUAGE_STANDARD = gnu99;
				GCC_NO_COMMON_BLOCKS = YES;
				GCC_WARN_64_TO_32_BIT_CONVERSION = YES;
				GCC_WARN_ABOUT_RETURN_TYPE = YES_ERROR;
				GCC_WARN_UNDECLARED_SELECTOR = YES;
				GCC_WARN_UNINITIALIZED_AUTOS = YES_AGGRESSIVE;
				GCC_WARN_UNUSED_FUNCTION = YES;
				GCC_WARN_UNUSED_VARIABLE = YES;
				IPHONEOS_DEPLOYMENT_TARGET = 8.4;
				MTL_ENABLE_DEBUG_INFO = NO;
				SDKROOT = iphoneos;
				VALIDATE_PRODUCT = YES;
			};
			name = Release;
		};
		2AF6A26F1BAFF72C00BF7BF4 /* Debug */ = {
			isa = XCBuildConfiguration;
			buildSettings = {
				ASSETCATALOG_COMPILER_APPICON_NAME = AppIcon;
				INFOPLIST_FILE = testApp2/Info.plist;
				LD_RUNPATH_SEARCH_PATHS = "$(inherited) @executable_path/Frameworks";
				PRODUCT_NAME = "$(TARGET_NAME)";
			};
			name = Debug;
		};
		2AF6A2701BAFF72C00BF7BF4 /* Release */ = {
			isa = XCBuildConfiguration;
			buildSettings = {
				ASSETCATALOG_COMPILER_APPICON_NAME = AppIcon;
				INFOPLIST_FILE = testApp2/Info.plist;
				LD_RUNPATH_SEARCH_PATHS = "$(inherited) @executable_path/Frameworks";
				PRODUCT_NAME = "$(TARGET_NAME)";
			};
			name = Release;
		};
		2AF6A2721BAFF72C00BF7BF4 /* Debug */ = {
			isa = XCBuildConfiguration;
			buildSettings = {
				BUNDLE_LOADER = "$(TEST_HOST)";
				FRAMEWORK_SEARCH_PATHS = (
					"$(SDKROOT)/Developer/Library/Frameworks",
					"$(inherited)",
				);
				GCC_PREPROCESSOR_DEFINITIONS = (
					"DEBUG=1",
					"$(inherited)",
				);
				INFOPLIST_FILE = testApp2Tests/Info.plist;
				LD_RUNPATH_SEARCH_PATHS = "$(inherited) @executable_path/Frameworks @loader_path/Frameworks";
				PRODUCT_NAME = "$(TARGET_NAME)";
				TEST_HOST = "$(BUILT_PRODUCTS_DIR)/testApp2.app/testApp2";
			};
			name = Debug;
		};
		2AF6A2731BAFF72C00BF7BF4 /* Release */ = {
			isa = XCBuildConfiguration;
			buildSettings = {
				BUNDLE_LOADER = "$(TEST_HOST)";
				FRAMEWORK_SEARCH_PATHS = (
					"$(SDKROOT)/Developer/Library/Frameworks",
					"$(inherited)",
				);
				INFOPLIST_FILE = testApp2Tests/Info.plist;
				LD_RUNPATH_SEARCH_PATHS = "$(inherited) @executable_path/Frameworks @loader_path/Frameworks";
				PRODUCT_NAME = "$(TARGET_NAME)";
				TEST_HOST = "$(BUILT_PRODUCTS_DIR)/testApp2.app/testApp2";
			};
			name = Release;
		};
/* End XCBuildConfiguration section */

/* Begin XCConfigurationList section */
		2AF6A24A1BAFF72C00BF7BF4 /* Build configuration list for PBXProject "testApp2" */ = {
			isa = XCConfigurationList;
			buildConfigurations = (
				2AF6A26C1BAFF72C00BF7BF4 /* Debug */,
				2AF6A26D1BAFF72C00BF7BF4 /* Release */,
			);
			defaultConfigurationIsVisible = 0;
			defaultConfigurationName = Release;
		};
		2AF6A26E1BAFF72C00BF7BF4 /* Build configuration list for PBXNativeTarget "testApp2" */ = {
			isa = XCConfigurationList;
			buildConfigurations = (
				2AF6A26F1BAFF72C00BF7BF4 /* Debug */,
				2AF6A2701BAFF72C00BF7BF4 /* Release */,
			);
			defaultConfigurationIsVisible = 0;
		};
		2AF6A2711BAFF72C00BF7BF4 /* Build configuration list for PBXNativeTarget "testApp2Tests" */ = {
			isa = XCConfigurationList;
			buildConfigurations = (
				2AF6A2721BAFF72C00BF7BF4 /* Debug */,
				2AF6A2731BAFF72C00BF7BF4 /* Release */,
			);
			defaultConfigurationIsVisible = 0;
		};
/* End XCConfigurationList section */
	};
	rootObject = 2AF6A2471BAFF72C00BF7BF4 /* Project object */;
}
